
Microsoft Visual Studio Solution File, Format Version 12.00
# Visual Studio Version 16
VisualStudioVersion = 16.0.34301.259
MinimumVisualStudioVersion = 10.0.40219.1
Project("{FAE04EC0-301F-11D3-BF4B-00C04F79EFBC}") = "commone-method-design", "commone-method-design\commone-method-design.csproj", "{F7A7D2DE-492C-4F61-9403-CABA0B0217A3}"
EndProject
Global
	GlobalSection(SolutionConfigurationPlatforms) = preSolution
		Debug|Any CPU = Debug|Any CPU
		Release|Any CPU = Release|Any CPU
	EndGlobalSection
	GlobalSection(ProjectConfigurationPlatforms) = postSolution
		{F7A7D2DE-492C-4F61-9403-CABA0B0217A3}.Debug|Any CPU.ActiveCfg = Debug|Any CPU
		{F7A7D2DE-492C-4F61-9403-CABA0B0217A3}.Debug|Any CPU.Build.0 = Debug|Any CPU
		{F7A7D2DE-492C-4F61-9403-CABA0B0217A3}.Release|Any CPU.ActiveCfg = Release|Any CPU
		{F7A7D2DE-492C-4F61-9403-CABA0B0217A3}.Release|Any CPU.Build.0 = Release|Any CPU
	EndGlobalSection
	GlobalSection(SolutionProperties) = preSolution
		HideSolutionNode = FALSE
	EndGlobalSection
	GlobalSection(ExtensibilityGlobals) = postSolution
		SolutionGuid = {36AB2DCE-0CF8-46F1-9D98-CC75C66CE925}
	EndGlobalSection
EndGlobal
